
Microsoft Visual Studio Solution File, Format Version 12.00
# Visual Studio 15
VisualStudioVersion = 15.0.27004.2008
MinimumVisualStudioVersion = 10.0.40219.1
Project("{8BC9CEB8-8B4A-11D0-8D11-00A0C91BC942}") = "Y3DCommon", "Y3DCommon\Y3DCommon.vcxproj", "{0219A4C3-C890-4295-B279-B41350B800F0}"
EndProject
Project("{8BC9CEB8-8B4A-11D0-8D11-00A0C91BC942}") = "DemoTest", "DemoTest\DemoTest.vcxproj", "{CC8613E9-0EFB-4DA6-8008-C83663EF10A9}"
	ProjectSection(ProjectDependencies) = postProject
		{0219A4C3-C890-4295-B279-B41350B800F0} = {0219A4C3-C890-4295-B279-B41350B800F0}
	EndProjectSection
EndProject
Project("{8BC9CEB8-8B4A-11D0-8D11-00A0C91BC942}") = "ThirdParty", "ThirdParty\ThirdParty.vcxproj", "{8C0DC7D3-5C28-4D11-8ECF-BE861DD1154F}"
EndProject
Project("{8BC9CEB8-8B4A-11D0-8D11-00A0C91BC942}") = "Y3DAnimation", "Y3DAnimation\Y3DAnimation.vcxproj", "{976979CB-BDEB-4930-9031-DCF46E57EFFC}"
EndProject
Project("{8BC9CEB8-8B4A-11D0-8D11-00A0C91BC942}") = "Y3DSTLCore", "Y3DSTLCore\Y3DSTLCore.vcxproj", "{AE570D3A-5C92-4A50-B31B-C51208473FD5}"
EndProject
Project("{8BC9CEB8-8B4A-11D0-8D11-00A0C91BC942}") = "ConsoleTest", "ConsoleTest\ConsoleTest.vcxproj", "{E5D208DC-9CB9-4B74-8A84-17C689CFB9B9}"
EndProject
Project("{2150E333-8FDC-42A3-9474-1A3956D46DE8}") = "Demo", "Demo", "{68BF32AB-63A4-487B-9251-C01DC6D3AD22}"
EndProject
Project("{2150E333-8FDC-42A3-9474-1A3956D46DE8}") = "Core", "Core", "{4B8DB1C6-3FE3-4B7C-BECC-A4E6E4DBA941}"
EndProject
Global
	GlobalSection(SolutionConfigurationPlatforms) = preSolution
		Debug|x64 = Debug|x64
		Debug|x86 = Debug|x86
		Release|x64 = Release|x64
		Release|x86 = Release|x86
	EndGlobalSection
	GlobalSection(ProjectConfigurationPlatforms) = postSolution
		{0219A4C3-C890-4295-B279-B41350B800F0}.Debug|x64.ActiveCfg = Debug|x64
		{0219A4C3-C890-4295-B279-B41350B800F0}.Debug|x64.Build.0 = Debug|x64
		{0219A4C3-C890-4295-B279-B41350B800F0}.Debug|x86.ActiveCfg = Debug|Win32
		{0219A4C3-C890-4295-B279-B41350B800F0}.Debug|x86.Build.0 = Debug|Win32
		{0219A4C3-C890-4295-B279-B41350B800F0}.Release|x64.ActiveCfg = Release|x64
		{0219A4C3-C890-4295-B279-B41350B800F0}.Release|x64.Build.0 = Release|x64
		{0219A4C3-C890-4295-B279-B41350B800F0}.Release|x86.ActiveCfg = Release|Win32
		{0219A4C3-C890-4295-B279-B41350B800F0}.Release|x86.Build.0 = Release|Win32
		{CC8613E9-0EFB-4DA6-8008-C83663EF10A9}.Debug|x64.ActiveCfg = Debug|x64
		{CC8613E9-0EFB-4DA6-8008-C83663EF10A9}.Debug|x64.Build.0 = Debug|x64
		{CC8613E9-0EFB-4DA6-8008-C83663EF10A9}.Debug|x86.ActiveCfg = Debug|Win32
		{CC8613E9-0EFB-4DA6-8008-C83663EF10A9}.Debug|x86.Build.0 = Debug|Win32
		{CC8613E9-0EFB-4DA6-8008-C83663EF10A9}.Release|x64.ActiveCfg = Release|x64
		{CC8613E9-0EFB-4DA6-8008-C83663EF10A9}.Release|x64.Build.0 = Release|x64
		{CC8613E9-0EFB-4DA6-8008-C83663EF10A9}.Release|x86.ActiveCfg = Release|Win32
		{CC8613E9-0EFB-4DA6-8008-C83663EF10A9}.Release|x86.Build.0 = Release|Win32
		{8C0DC7D3-5C28-4D11-8ECF-BE861DD1154F}.Debug|x64.ActiveCfg = Debug|x64
		{8C0DC7D3-5C28-4D11-8ECF-BE861DD1154F}.Debug|x64.Build.0 = Debug|x64
		{8C0DC7D3-5C28-4D11-8ECF-BE861DD1154F}.Debug|x86.ActiveCfg = Debug|Win32
		{8C0DC7D3-5C28-4D11-8ECF-BE861DD1154F}.Debug|x86.Build.0 = Debug|Win32
		{8C0DC7D3-5C28-4D11-8ECF-BE861DD1154F}.Release|x64.ActiveCfg = Release|x64
		{8C0DC7D3-5C28-4D11-8ECF-BE861DD1154F}.Release|x64.Build.0 = Release|x64
		{8C0DC7D3-5C28-4D11-8ECF-BE861DD1154F}.Release|x86.ActiveCfg = Release|Win32
		{8C0DC7D3-5C28-4D11-8ECF-BE861DD1154F}.Release|x86.Build.0 = Release|Win32
		{976979CB-BDEB-4930-9031-DCF46E57EFFC}.Debug|x64.ActiveCfg = Debug|x64
		{976979CB-BDEB-4930-9031-DCF46E57EFFC}.Debug|x64.Build.0 = Debug|x64
		{976979CB-BDEB-4930-9031-DCF46E57EFFC}.Debug|x86.ActiveCfg = Debug|Win32
		{976979CB-BDEB-4930-9031-DCF46E57EFFC}.Debug|x86.Build.0 = Debug|Win32
		{976979CB-BDEB-4930-9031-DCF46E57EFFC}.Release|x64.ActiveCfg = Release|x64
		{976979CB-BDEB-4930-9031-DCF46E57EFFC}.Release|x64.Build.0 = Release|x64
		{976979CB-BDEB-4930-9031-DCF46E57EFFC}.Release|x86.ActiveCfg = Release|Win32
		{976979CB-BDEB-4930-9031-DCF46E57EFFC}.Release|x86.Build.0 = Release|Win32
		{AE570D3A-5C92-4A50-B31B-C51208473FD5}.Debug|x64.ActiveCfg = Debug|x64
		{AE570D3A-5C92-4A50-B31B-C51208473FD5}.Debug|x64.Build.0 = Debug|x64
		{AE570D3A-5C92-4A50-B31B-C51208473FD5}.Debug|x86.ActiveCfg = Debug|Win32
		{AE570D3A-5C92-4A50-B31B-C51208473FD5}.Debug|x86.Build.0 = Debug|Win32
		{AE570D3A-5C92-4A50-B31B-C51208473FD5}.Release|x64.ActiveCfg = Release|x64
		{AE570D3A-5C92-4A50-B31B-C51208473FD5}.Release|x64.Build.0 = Release|x64
		{AE570D3A-5C92-4A50-B31B-C51208473FD5}.Release|x86.ActiveCfg = Release|Win32
		{AE570D3A-5C92-4A50-B31B-C51208473FD5}.Release|x86.Build.0 = Release|Win32
		{E5D208DC-9CB9-4B74-8A84-17C689CFB9B9}.Debug|x64.ActiveCfg = Debug|x64
		{E5D208DC-9CB9-4B74-8A84-17C689CFB9B9}.Debug|x64.Build.0 = Debug|x64
		{E5D208DC-9CB9-4B74-8A84-17C689CFB9B9}.Debug|x86.ActiveCfg = Debug|Win32
		{E5D208DC-9CB9-4B74-8A84-17C689CFB9B9}.Debug|x86.Build.0 = Debug|Win32
		{E5D208DC-9CB9-4B74-8A84-17C689CFB9B9}.Release|x64.ActiveCfg = Release|x64
		{E5D208DC-9CB9-4B74-8A84-17C689CFB9B9}.Release|x64.Build.0 = Release|x64
		{E5D208DC-9CB9-4B74-8A84-17C689CFB9B9}.Release|x86.ActiveCfg = Release|Win32
		{E5D208DC-9CB9-4B74-8A84-17C689CFB9B9}.Release|x86.Build.0 = Release|Win32
	EndGlobalSection
	GlobalSection(SolutionProperties) = preSolution
		HideSolutionNode = FALSE
	EndGlobalSection
	GlobalSection(NestedProjects) = preSolution
		{0219A4C3-C890-4295-B279-B41350B800F0} = {4B8DB1C6-3FE3-4B7C-BECC-A4E6E4DBA941}
		{CC8613E9-0EFB-4DA6-8008-C83663EF10A9} = {68BF32AB-63A4-487B-9251-C01DC6D3AD22}
		{AE570D3A-5C92-4A50-B31B-C51208473FD5} = {4B8DB1C6-3FE3-4B7C-BECC-A4E6E4DBA941}
		{E5D208DC-9CB9-4B74-8A84-17C689CFB9B9} = {68BF32AB-63A4-487B-9251-C01DC6D3AD22}
	EndGlobalSection
	GlobalSection(ExtensibilityGlobals) = postSolution
		SolutionGuid = {3526DCA4-7DFE-4F9E-9BCC-01D795A9AF75}
	EndGlobalSection
EndGlobal
