<?xml version="1.0" encoding="utf-8"?>
<Project ToolsVersion="4.0" xmlns="http://schemas.microsoft.com/developer/msbuild/2003">
  <ItemGroup>
    <ClInclude Include="Template\Decay.h">
      <Filter>Template</Filter>
    </ClInclude>
    <ClInclude Include="Template\EnableIf.h">
      <Filter>Template</Filter>
    </ClInclude>
    <ClInclude Include="Template\IdentityFunctor.h">
      <Filter>Template</Filter>
    </ClInclude>
    <ClInclude Include="Template\Invoke.h">
      <Filter>Template</Filter>
    </ClInclude>
    <ClInclude Include="Template\IsContiguousContainer.h">
      <Filter>Template</Filter>
    </ClInclude>
    <ClInclude Include="Template\RemoveCV.h">
      <Filter>Template</Filter>
    </ClInclude>
    <ClInclude Include="Template\RemoveReference.h">
      <Filter>Template</Filter>
    </ClInclude>
    <ClInclude Include="Template\Template.h">
      <Filter>Template</Filter>
    </ClInclude>
    <ClInclude Include="CoreTypes.h" />
    <ClInclude Include="Template\PointerIsConvertibleFromTo.h">
      <Filter>Template</Filter>
    </ClInclude>
    <ClInclude Include="Template\Less.h">
      <Filter>Template</Filter>
    </ClInclude>
    <ClInclude Include="Template\Greater.h">
      <Filter>Template</Filter>
    </ClInclude>
    <ClInclude Include="Template\IsPODType.h">
      <Filter>Template</Filter>
    </ClInclude>
    <ClInclude Include="Template\IsArithmetic.h">
      <Filter>Template</Filter>
    </ClInclude>
    <ClInclude Include="Template\IsPointer.h">
      <Filter>Template</Filter>
    </ClInclude>
    <ClInclude Include="Template\AndOrNot.h">
      <Filter>Template</Filter>
    </ClInclude>
    <ClInclude Include="Template\AddReference.h">
      <Filter>Template</Filter>
    </ClInclude>
    <ClInclude Include="Template\IsTrivially.h">
      <Filter>Template</Filter>
    </ClInclude>
    <ClInclude Include="SGISTL\Uninitialized.h">
      <Filter>Containers</Filter>
    </ClInclude>
    <ClInclude Include="Template\Junction.h">
      <Filter>Template</Filter>
    </ClInclude>
    <ClInclude Include="Template\IsCharacter.h">
      <Filter>Template</Filter>
    </ClInclude>
    <ClInclude Include="Template\TypeTraits.h">
      <Filter>Template</Filter>
    </ClInclude>
    <ClInclude Include="SGISTL\IsSafetyFillMemset.h">
      <Filter>SGISTL</Filter>
    </ClInclude>
    <ClInclude Include="Template\TypeHash.h">
      <Filter>Template</Filter>
    </ClInclude>
    <ClInclude Include="Containers\Allocator.h">
      <Filter>Containers</Filter>
    </ClInclude>
    <ClInclude Include="Containers\Construct.h">
      <Filter>Containers</Filter>
    </ClInclude>
    <ClInclude Include="Containers\Deque.h">
      <Filter>Containers</Filter>
    </ClInclude>
    <ClInclude Include="Containers\HashTable.h">
      <Filter>Containers</Filter>
    </ClInclude>
    <ClInclude Include="Containers\IsSafetyFillMemset.h">
      <Filter>Containers</Filter>
    </ClInclude>
    <ClInclude Include="Containers\IteratorBase.h">
      <Filter>Containers</Filter>
    </ClInclude>
    <ClInclude Include="Containers\List.h">
      <Filter>Containers</Filter>
    </ClInclude>
    <ClInclude Include="Containers\map.h">
      <Filter>Containers</Filter>
    </ClInclude>
    <ClInclude Include="Containers\Queue.h">
      <Filter>Containers</Filter>
    </ClInclude>
    <ClInclude Include="Containers\RBTree.h">
      <Filter>Containers</Filter>
    </ClInclude>
    <ClInclude Include="Containers\Set.h">
      <Filter>Containers</Filter>
    </ClInclude>
    <ClInclude Include="Containers\Slist.h">
      <Filter>Containers</Filter>
    </ClInclude>
    <ClInclude Include="Containers\Stack.h">
      <Filter>Containers</Filter>
    </ClInclude>
    <ClInclude Include="Containers\Uninitialized.h">
      <Filter>Containers</Filter>
    </ClInclude>
    <ClInclude Include="Containers\Vector.h">
      <Filter>Containers</Filter>
    </ClInclude>
    <ClInclude Include="Algorithms\BinaryHeap.h">
      <Filter>Algorithms</Filter>
    </ClInclude>
    <ClInclude Include="Algorithms\BinarySearch.h">
      <Filter>Algorithms</Filter>
    </ClInclude>
  </ItemGroup>
  <ItemGroup>
    <Filter Include="Template">
      <UniqueIdentifier>{2d959ab6-8aa8-4c2e-b41f-dd2cb730cee1}</UniqueIdentifier>
    </Filter>
    <Filter Include="Algorithms">
      <UniqueIdentifier>{ca22323c-ae84-4b6a-a248-d35d3507a9cb}</UniqueIdentifier>
    </Filter>
    <Filter Include="Containers">
      <UniqueIdentifier>{a18be984-e7da-4f0f-bea1-718adf69988d}</UniqueIdentifier>
    </Filter>
  </ItemGroup>
  <ItemGroup>
    <ClCompile Include="Template\Source.cpp" />
  </ItemGroup>
</Project>