<?xml version="1.0" encoding="utf-8"?>
<Project ToolsVersion="4.0" xmlns="http://schemas.microsoft.com/developer/msbuild/2003">
  <ItemGroup>
    <ClInclude Include="Template\Decay.h">
      <Filter>Template</Filter>
    </ClInclude>
    <ClInclude Include="Template\EnableIf.h">
      <Filter>Template</Filter>
    </ClInclude>
    <ClInclude Include="Template\IdentityFunctor.h">
      <Filter>Template</Filter>
    </ClInclude>
    <ClInclude Include="Template\Invoke.h">
      <Filter>Template</Filter>
    </ClInclude>
    <ClInclude Include="Template\IsContiguousContainer.h">
      <Filter>Template</Filter>
    </ClInclude>
    <ClInclude Include="Template\RemoveCV.h">
      <Filter>Template</Filter>
    </ClInclude>
    <ClInclude Include="Template\RemoveReference.h">
      <Filter>Template</Filter>
    </ClInclude>
    <ClInclude Include="Template\Template.h">
      <Filter>Template</Filter>
    </ClInclude>
    <ClInclude Include="CoreTypes.h" />
    <ClInclude Include="Template\PointerIsConvertibleFromTo.h">
      <Filter>Template</Filter>
    </ClInclude>
    <ClInclude Include="Template\Less.h">
      <Filter>Template</Filter>
    </ClInclude>
    <ClInclude Include="SGISTL\Allocator.h">
      <Filter>Containers</Filter>
    </ClInclude>
    <ClInclude Include="SGISTL\Construct.h">
      <Filter>Containers</Filter>
    </ClInclude>
    <ClInclude Include="SGISTL\IteratorBase.h">
      <Filter>Containers</Filter>
    </ClInclude>
    <ClInclude Include="SGISTL\Vector.h">
      <Filter>Containers</Filter>
    </ClInclude>
    <ClInclude Include="Template\Greater.h">
      <Filter>Template</Filter>
    </ClInclude>
    <ClInclude Include="Template\IsPODType.h">
      <Filter>Template</Filter>
    </ClInclude>
    <ClInclude Include="Template\IsArithmetic.h">
      <Filter>Template</Filter>
    </ClInclude>
    <ClInclude Include="Template\IsPointer.h">
      <Filter>Template</Filter>
    </ClInclude>
    <ClInclude Include="Template\AndOrNot.h">
      <Filter>Template</Filter>
    </ClInclude>
    <ClInclude Include="Template\AddReference.h">
      <Filter>Template</Filter>
    </ClInclude>
    <ClInclude Include="Template\IsTrivially.h">
      <Filter>Template</Filter>
    </ClInclude>
    <ClInclude Include="SGISTL\Uninitialized.h">
      <Filter>Containers</Filter>
    </ClInclude>
    <ClInclude Include="Template\Junction.h">
      <Filter>Template</Filter>
    </ClInclude>
    <ClInclude Include="Template\IsCharacter.h">
      <Filter>Template</Filter>
    </ClInclude>
    <ClInclude Include="Template\TypeTraits.h">
      <Filter>Template</Filter>
    </ClInclude>
    <ClInclude Include="SGISTL\IsSafetyFillMemset.h">
      <Filter>SGISTL</Filter>
    </ClInclude>
    <ClInclude Include="SGISTL\List.h">
      <Filter>Containers</Filter>
    </ClInclude>
    <ClInclude Include="SGISTL\Deque.h">
      <Filter>Containers</Filter>
    </ClInclude>
    <ClInclude Include="SGISTL\Stack.h">
      <Filter>Containers</Filter>
    </ClInclude>
    <ClInclude Include="SGISTL\Queue.h">
      <Filter>Containers</Filter>
    </ClInclude>
    <ClInclude Include="SGISTL\Slist.h">
      <Filter>Containers</Filter>
    </ClInclude>
    <ClInclude Include="SGISTL\RBTree.h">
      <Filter>Containers</Filter>
    </ClInclude>
    <ClInclude Include="SGISTL\Set.h">
      <Filter>Containers</Filter>
    </ClInclude>
    <ClInclude Include="SGISTL\map.h">
      <Filter>Containers</Filter>
    </ClInclude>
    <ClInclude Include="SGISTL\HashTable.h">
      <Filter>Containers</Filter>
    </ClInclude>
    <ClInclude Include="Template\TypeHash.h">
      <Filter>Template</Filter>
    </ClInclude>
    <ClInclude Include="BinarySearch.h">
      <Filter>Algorithms</Filter>
    </ClInclude>
    <ClInclude Include="SGISTL\BinaryHeap.h">
      <Filter>Algorithms</Filter>
    </ClInclude>
  </ItemGroup>
  <ItemGroup>
    <Filter Include="Template">
      <UniqueIdentifier>{2d959ab6-8aa8-4c2e-b41f-dd2cb730cee1}</UniqueIdentifier>
    </Filter>
    <Filter Include="Containers">
      <UniqueIdentifier>{8055c294-4c6b-4a15-beb8-c4b662d03ef5}</UniqueIdentifier>
    </Filter>
    <Filter Include="Algorithms">
      <UniqueIdentifier>{3471b9b1-3a96-44a9-a72c-ebe468993a48}</UniqueIdentifier>
    </Filter>
  </ItemGroup>
  <ItemGroup>
    <ClCompile Include="Template\Source.cpp" />
  </ItemGroup>
</Project>