<?xml version="1.0" encoding="utf-8"?>
<Project ToolsVersion="4.0" xmlns="http://schemas.microsoft.com/developer/msbuild/2003">
  <ItemGroup>
    <ClCompile Include="Helper.h" />
    <ClCompile Include="IndexedKey.cpp" />
    <ClCompile Include="AnimLoop.cpp" />
    <ClCompile Include="IndexedTrack.cpp" />
    <ClCompile Include="IndexedKeyTrack.cpp" />
    <ClCompile Include="IndexedRangeTrack.cpp" />
    <ClCompile Include="Interval.h" />
  </ItemGroup>
  <ItemGroup>
    <ClInclude Include="IndexedKey.h" />
    <ClInclude Include="AnimLoop.h" />
    <ClInclude Include="IndexedTrack.h" />
    <ClInclude Include="IndexedKeyTrack.h" />
    <ClInclude Include="IndexedRangeTrack.h" />
  </ItemGroup>
</Project>