<?xml version="1.0" encoding="utf-8"?>
<Project ToolsVersion="4.0" xmlns="http://schemas.microsoft.com/developer/msbuild/2003">
  <ItemGroup>
    <ClCompile Include="Helper.h" />
    <ClCompile Include="Interval.h" />
    <ClCompile Include="TrackCore\AnimLoop.cpp">
      <Filter>TrackCore</Filter>
    </ClCompile>
    <ClCompile Include="TrackCore\IndexedKey.cpp">
      <Filter>TrackCore</Filter>
    </ClCompile>
    <ClCompile Include="TrackCore\IndexedTrackGroup.cpp">
      <Filter>TrackCore</Filter>
    </ClCompile>
    <ClCompile Include="TrackRuntime\CurveKeyTrack.cpp">
      <Filter>TrackRuntime</Filter>
    </ClCompile>
    <ClCompile Include="TrackRuntime\DenseKeyTrack.cpp">
      <Filter>TrackRuntime</Filter>
    </ClCompile>
  </ItemGroup>
  <ItemGroup>
    <Filter Include="TrackCore">
      <UniqueIdentifier>{917456ab-5752-48b1-84a9-085dc1f3bded}</UniqueIdentifier>
    </Filter>
    <Filter Include="TrackRuntime">
      <UniqueIdentifier>{94c7f9b7-9c10-44a2-99dc-29d07be0e918}</UniqueIdentifier>
    </Filter>
  </ItemGroup>
  <ItemGroup>
    <ClInclude Include="TrackCore\AnimLoop.h">
      <Filter>TrackCore</Filter>
    </ClInclude>
    <ClInclude Include="TrackCore\IndexedKey.h">
      <Filter>TrackCore</Filter>
    </ClInclude>
    <ClInclude Include="TrackCore\IndexedKeyTrack.h">
      <Filter>TrackCore</Filter>
    </ClInclude>
    <ClInclude Include="TrackCore\IndexedRangeTrack.h">
      <Filter>TrackCore</Filter>
    </ClInclude>
    <ClInclude Include="TrackCore\IndexedTrack.h">
      <Filter>TrackCore</Filter>
    </ClInclude>
    <ClInclude Include="IDCreator.h" />
    <ClInclude Include="TrackCore\IndexTrackBase.h">
      <Filter>TrackCore</Filter>
    </ClInclude>
    <ClInclude Include="TrackCore\IndexedTrackGroup.h">
      <Filter>TrackCore</Filter>
    </ClInclude>
    <ClInclude Include="TrackRuntime\CurveKeyTrack.h">
      <Filter>TrackRuntime</Filter>
    </ClInclude>
    <ClInclude Include="TrackRuntime\DenseKeyTrack.h">
      <Filter>TrackRuntime</Filter>
    </ClInclude>
  </ItemGroup>
  <ItemGroup>
    <None Include="TrackCore\IndexedKeyTrack.inl">
      <Filter>TrackCore</Filter>
    </None>
    <None Include="TrackCore\IndexedRangeTrack.inl">
      <Filter>TrackCore</Filter>
    </None>
    <None Include="TrackCore\IndexedTrack.inl">
      <Filter>TrackCore</Filter>
    </None>
  </ItemGroup>
</Project>