<?xml version="1.0" encoding="utf-8"?>
<Project ToolsVersion="4.0" xmlns="http://schemas.microsoft.com/developer/msbuild/2003">
  <ItemGroup>
    <Filter Include="资源文件">
      <UniqueIdentifier>{67DA6AB6-F800-4c08-8B7A-83BB121AAD01}</UniqueIdentifier>
      <Extensions>rc;ico;cur;bmp;dlg;rc2;rct;bin;rgs;gif;jpg;jpeg;jpe;resx;tiff;tif;png;wav;mfcribbon-ms</Extensions>
    </Filter>
    <Filter Include="Utilities">
      <UniqueIdentifier>{0804c504-0739-4d87-b625-345a3907b9c4}</UniqueIdentifier>
    </Filter>
    <Filter Include="View">
      <UniqueIdentifier>{dd1c9be4-4146-4e4f-9a61-fb1338f7fde8}</UniqueIdentifier>
    </Filter>
    <Filter Include="Entity">
      <UniqueIdentifier>{6039009e-06eb-46f5-82bb-54c09dc5dc3e}</UniqueIdentifier>
    </Filter>
    <Filter Include="Mathematics">
      <UniqueIdentifier>{d9220a1a-23de-4a66-8266-c256344e3149}</UniqueIdentifier>
    </Filter>
    <Filter Include="Mathematics\BasicMath">
      <UniqueIdentifier>{23d37a7f-d5ef-40ac-ae61-d3fbe958a8e3}</UniqueIdentifier>
    </Filter>
    <Filter Include="Containers">
      <UniqueIdentifier>{40a7b37b-0824-4aaf-b475-593b1b412e8d}</UniqueIdentifier>
    </Filter>
  </ItemGroup>
  <ItemGroup>
    <ClInclude Include="Y3DTypes.h">
      <Filter>Utilities</Filter>
    </ClInclude>
    <ClInclude Include="Y3DMacro.h">
      <Filter>Utilities</Filter>
    </ClInclude>
    <ClInclude Include="Y3DCamera.h">
      <Filter>View</Filter>
    </ClInclude>
    <ClInclude Include="Y3DCameraOrtho.h">
      <Filter>View</Filter>
    </ClInclude>
    <ClInclude Include="Y3DCameraPerspective.h">
      <Filter>View</Filter>
    </ClInclude>
    <ClInclude Include="Y3DCameraDesc.h">
      <Filter>View</Filter>
    </ClInclude>
    <ClInclude Include="CameraEntity.h">
      <Filter>Entity</Filter>
    </ClInclude>
    <ClInclude Include="Y3DVector.h">
      <Filter>Mathematics\BasicMath</Filter>
    </ClInclude>
    <ClInclude Include="Y3DMatrix.h">
      <Filter>Mathematics\BasicMath</Filter>
    </ClInclude>
    <ClInclude Include="Y3DPI.h">
      <Filter>Mathematics\BasicMath</Filter>
    </ClInclude>
    <ClInclude Include="Y3DQuaternion.h">
      <Filter>Mathematics\BasicMath</Filter>
    </ClInclude>
    <ClInclude Include="Y3DMathFunc.h">
      <Filter>Mathematics\BasicMath</Filter>
    </ClInclude>
    <ClInclude Include="Y3DQuatFunc.h">
      <Filter>Mathematics</Filter>
    </ClInclude>
    <ClInclude Include="Y3DVectorFunc.h">
      <Filter>Mathematics</Filter>
    </ClInclude>
    <ClInclude Include="Y3DMatrixFunc.h">
      <Filter>Mathematics</Filter>
    </ClInclude>
    <ClInclude Include="List.h">
      <Filter>Containers</Filter>
    </ClInclude>
    <ClInclude Include="ContainerUtility.h">
      <Filter>Containers</Filter>
    </ClInclude>
    <ClInclude Include="UniquePtr.h">
      <Filter>Containers</Filter>
    </ClInclude>
    <ClInclude Include="SharedPtr.h">
      <Filter>Containers</Filter>
    </ClInclude>
    <ClInclude Include="TypeTraits.h">
      <Filter>Containers</Filter>
    </ClInclude>
  </ItemGroup>
  <ItemGroup>
    <ClCompile Include="Y3DCameraOrtho.cpp">
      <Filter>View</Filter>
    </ClCompile>
    <ClCompile Include="Y3DCameraPerspective.cpp">
      <Filter>View</Filter>
    </ClCompile>
    <ClCompile Include="Y3DCamera.cpp">
      <Filter>View</Filter>
    </ClCompile>
    <ClCompile Include="CameraEntity.cpp">
      <Filter>Entity</Filter>
    </ClCompile>
    <ClCompile Include="Y3DMatrixFunc.cpp">
      <Filter>Mathematics</Filter>
    </ClCompile>
  </ItemGroup>
</Project>